
Microsoft Visual Studio Solution File, Format Version 12.00
# Visual Studio Version 17
VisualStudioVersion = 17.5.33530.505
MinimumVisualStudioVersion = 10.0.40219.1
Project("{9A19103F-16F7-4668-BE54-9A1E7A4F7556}") = "BlazorApp.Server", "BlazorApp\Server\BlazorApp.Server.csproj", "{50135F42-D6DE-43DA-B441-0B35C54C60E7}"
EndProject
Project("{9A19103F-16F7-4668-BE54-9A1E7A4F7556}") = "BlazorApp.Client", "BlazorApp\Client\BlazorApp.Client.csproj", "{47C43302-5A6A-49C4-9A39-DAC4FEB71730}"
EndProject
Project("{9A19103F-16F7-4668-BE54-9A1E7A4F7556}") = "BlazorApp.Shared", "BlazorApp\Shared\BlazorApp.Shared.csproj", "{D5F68A8F-E67D-4EF4-9502-E095674B2386}"
EndProject
Project("{2150E333-8FDC-42A3-9474-1A3956D46DE8}") = "Solution Items", "Solution Items", "{EF22F0F0-CF4B-4107-8D7E-C2720411B456}"
	ProjectSection(SolutionItems) = preProject
		README.md = README.md
	EndProjectSection
EndProject
Global
	GlobalSection(SolutionConfigurationPlatforms) = preSolution
		Debug|Any CPU = Debug|Any CPU
		Release|Any CPU = Release|Any CPU
	EndGlobalSection
	GlobalSection(ProjectConfigurationPlatforms) = postSolution
		{50135F42-D6DE-43DA-B441-0B35C54C60E7}.Debug|Any CPU.ActiveCfg = Debug|Any CPU
		{50135F42-D6DE-43DA-B441-0B35C54C60E7}.Debug|Any CPU.Build.0 = Debug|Any CPU
		{50135F42-D6DE-43DA-B441-0B35C54C60E7}.Release|Any CPU.ActiveCfg = Release|Any CPU
		{50135F42-D6DE-43DA-B441-0B35C54C60E7}.Release|Any CPU.Build.0 = Release|Any CPU
		{47C43302-5A6A-49C4-9A39-DAC4FEB71730}.Debug|Any CPU.ActiveCfg = Debug|Any CPU
		{47C43302-5A6A-49C4-9A39-DAC4FEB71730}.Debug|Any CPU.Build.0 = Debug|Any CPU
		{47C43302-5A6A-49C4-9A39-DAC4FEB71730}.Release|Any CPU.ActiveCfg = Release|Any CPU
		{47C43302-5A6A-49C4-9A39-DAC4FEB71730}.Release|Any CPU.Build.0 = Release|Any CPU
		{D5F68A8F-E67D-4EF4-9502-E095674B2386}.Debug|Any CPU.ActiveCfg = Debug|Any CPU
		{D5F68A8F-E67D-4EF4-9502-E095674B2386}.Debug|Any CPU.Build.0 = Debug|Any CPU
		{D5F68A8F-E67D-4EF4-9502-E095674B2386}.Release|Any CPU.ActiveCfg = Release|Any CPU
		{D5F68A8F-E67D-4EF4-9502-E095674B2386}.Release|Any CPU.Build.0 = Release|Any CPU
	EndGlobalSection
	GlobalSection(SolutionProperties) = preSolution
		HideSolutionNode = FALSE
	EndGlobalSection
	GlobalSection(ExtensibilityGlobals) = postSolution
		SolutionGuid = {865E0E41-95CE-4472-8B70-ED43320BBE6A}
	EndGlobalSection
EndGlobal
